{
  "nodes": {
    "crane": {
      "inputs": {
        "nixpkgs": [
          "nixpkgs"
        ]
      },
      "locked": {
        "lastModified": 1716680724,
        "narHash": "sha256-THm0mm4aKHQhh3pXCj5ms5t0sVPP9xzVsIU9byMjbtI=",
        "owner": "ipetkov",
        "repo": "crane",
        "rev": "701dbc191ca003a118ce885db38fae9598908294",
        "type": "github"
      },
      "original": {
        "owner": "ipetkov",
        "repo": "crane",
        "type": "github"
      }
    },
    "crate2nix": {
      "flake": false,
      "locked": {
        "lastModified": 1712821856,
        "narHash": "sha256-rObTWSqfqt0qlOCokE2abesI11Ic8bCCkPNxlyk57Q0=",
        "owner": "kolloch",
        "repo": "crate2nix",
        "rev": "cf034861fdc4e091fc7c5f01d6c022dc46686cf1",
        "type": "github"
      },
      "original": {
        "owner": "kolloch",
        "repo": "crate2nix",
        "type": "github"
      }
    },
    "empty": {
      "flake": false,
      "locked": {
        "lastModified": 1683792623,
        "narHash": "sha256-pQpattmS9VmO3ZIQUFn66az8GSmB4IvYhTTCFn6SUmo=",
        "owner": "steveej",
        "repo": "empty",
        "rev": "8e328e450e4cd32e072eba9e99fe92cf2a1ef5cf",
        "type": "github"
      },
      "original": {
        "owner": "steveej",
        "repo": "empty",
        "type": "github"
      }
    },
    "flake-compat": {
      "flake": false,
      "locked": {
        "lastModified": 1696426674,
        "narHash": "sha256-kvjfFW7WAETZlt09AgDn1MrtKzP7t90Vf7vypd3OL1U=",
        "owner": "edolstra",
        "repo": "flake-compat",
        "rev": "0f9255e01c2351cc7d116c072cb317785dd33b33",
        "type": "github"
      },
      "original": {
        "owner": "edolstra",
        "repo": "flake-compat",
        "type": "github"
      }
    },
    "flake-parts": {
      "inputs": {
        "nixpkgs-lib": "nixpkgs-lib"
      },
      "locked": {
        "lastModified": 1715865404,
        "narHash": "sha256-/GJvTdTpuDjNn84j82cU6bXztE0MSkdnTWClUCRub78=",
        "owner": "hercules-ci",
        "repo": "flake-parts",
        "rev": "8dc45382d5206bd292f9c2768b8058a8fd8311d9",
        "type": "github"
      },
      "original": {
        "id": "flake-parts",
        "type": "indirect"
      }
    },
    "flake-utils": {
      "inputs": {
        "systems": "systems"
      },
      "locked": {
        "lastModified": 1705309234,
        "narHash": "sha256-uNRRNRKmJyCRC/8y1RqBkqWBLM034y4qN7EprSdmgyA=",
        "owner": "numtide",
        "repo": "flake-utils",
        "rev": "1ef2e671c3b0c19053962c07dbda38332dcebf26",
        "type": "github"
      },
      "original": {
        "owner": "numtide",
        "repo": "flake-utils",
        "type": "github"
      }
    },
    "holochain": {
      "flake": false,
      "locked": {
        "lastModified": 1716469959,
        "narHash": "sha256-mT7e0ew8ffMY5esWUiB8uNWNvRhBqCPIu2lYZ3nAenw=",
        "owner": "holochain",
        "repo": "holochain",
        "rev": "1663c381ababd530c9dfbe87c8b2a683ac1bf6f3",
        "type": "github"
      },
      "original": {
        "owner": "holochain",
        "ref": "holochain-0.4.0-dev.4",
        "repo": "holochain",
        "type": "github"
      }
    },
    "lair": {
      "flake": false,
      "locked": {
        "lastModified": 1709335027,
        "narHash": "sha256-rKMhh7TLuR1lqze2YFWZCGYKZQoB4dZxjpX3sb7r7Jk=",
        "owner": "holochain",
        "repo": "lair",
        "rev": "826be915efc839d1d1b8a2156b158999b8de8d5b",
        "type": "github"
      },
      "original": {
        "owner": "holochain",
        "ref": "lair_keystore-v0.4.4",
        "repo": "lair",
        "type": "github"
      }
    },
    "launcher": {
      "flake": false,
      "locked": {
        "lastModified": 1716406557,
        "narHash": "sha256-6eWndYspznXKYIJcuPCWFZ3lxdh7TrlEUGP1zaE5Mgs=",
        "owner": "holochain",
        "repo": "launcher",
        "rev": "f20844aa5041432547c55176d71e67b32e302f77",
        "type": "github"
      },
      "original": {
        "owner": "holochain",
        "ref": "holochain-0.3",
        "repo": "launcher",
        "type": "github"
      }
    },
    "launcher_2": {
      "flake": false,
      "locked": {
        "lastModified": 1715106263,
        "narHash": "sha256-a7iQ8pKGz6fghJrtXq0Xamp57GE8Hd3w5YQASzz5Wlk=",
        "owner": "holochain",
        "repo": "launcher",
        "rev": "92bd39e1c66912d61c35c4725d7b106959888670",
        "type": "github"
      },
      "original": {
        "owner": "holochain",
        "ref": "holochain-weekly",
        "repo": "launcher",
        "type": "github"
      }
    },
    "nix-filter": {
      "locked": {
        "lastModified": 1710156097,
        "narHash": "sha256-1Wvk8UP7PXdf8bCCaEoMnOT1qe5/Duqgj+rL8sRQsSM=",
        "owner": "numtide",
        "repo": "nix-filter",
        "rev": "3342559a24e85fc164b295c3444e8a139924675b",
        "type": "github"
      },
      "original": {
        "owner": "numtide",
        "repo": "nix-filter",
        "type": "github"
      }
    },
    "nixpkgs": {
      "locked": {
        "lastModified": 1716509168,
        "narHash": "sha256-4zSIhSRRIoEBwjbPm3YiGtbd8HDWzFxJjw5DYSDy1n8=",
        "owner": "NixOS",
        "repo": "nixpkgs",
        "rev": "bfb7a882678e518398ce9a31a881538679f6f092",
        "type": "github"
      },
      "original": {
        "id": "nixpkgs",
        "ref": "nixos-unstable",
        "type": "indirect"
      }
    },
    "nixpkgs-lib": {
      "locked": {
        "lastModified": 1714640452,
        "narHash": "sha256-QBx10+k6JWz6u7VsohfSw8g8hjdBZEf8CFzXH1/1Z94=",
        "type": "tarball",
        "url": "https://github.com/NixOS/nixpkgs/archive/50eb7ecf4cd0a5756d7275c8ba36790e5bd53e33.tar.gz"
      },
      "original": {
        "type": "tarball",
        "url": "https://github.com/NixOS/nixpkgs/archive/50eb7ecf4cd0a5756d7275c8ba36790e5bd53e33.tar.gz"
      }
    },
    "pre-commit-hooks-nix": {
      "flake": false,
      "locked": {
        "lastModified": 1716213921,
        "narHash": "sha256-xrsYFST8ij4QWaV6HEokCUNIZLjjLP1bYC60K8XiBVA=",
        "owner": "cachix",
        "repo": "pre-commit-hooks.nix",
        "rev": "0e8fcc54b842ad8428c9e705cb5994eaf05c26a0",
        "type": "github"
      },
      "original": {
        "owner": "cachix",
        "repo": "pre-commit-hooks.nix",
        "type": "github"
      }
    },
    "repo-git": {
      "flake": false,
      "locked": {
        "narHash": "sha256-d6xi4mKdjkX2JFicDIv5niSzpyI0m/Hnm8GGAIU04kY=",
        "type": "file",
        "url": "file:/dev/null"
      },
      "original": {
        "type": "file",
        "url": "file:/dev/null"
      }
    },
    "root": {
      "inputs": {
        "crane": "crane",
        "crate2nix": "crate2nix",
        "empty": "empty",
        "flake-compat": "flake-compat",
        "flake-parts": "flake-parts",
        "launcher": "launcher",
        "nix-filter": "nix-filter",
        "nixpkgs": "nixpkgs",
        "pre-commit-hooks-nix": "pre-commit-hooks-nix",
        "repo-git": "repo-git",
        "rust-overlay": "rust-overlay",
        "versions": "versions"
      }
    },
    "rust-overlay": {
      "inputs": {
        "flake-utils": "flake-utils",
        "nixpkgs": [
          "nixpkgs"
        ]
      },
      "locked": {
        "lastModified": 1716689906,
        "narHash": "sha256-tQYQM9zT4P1fFf739/AIZuTIGPxtEIpV7K7VieU60Io=",
        "owner": "oxalica",
        "repo": "rust-overlay",
        "rev": "3b6e1e221b04965427f3eee11fd6b6ea7b5f579b",
        "type": "github"
      },
      "original": {
        "owner": "oxalica",
        "repo": "rust-overlay",
        "type": "github"
      }
    },
    "scaffolding": {
      "flake": false,
      "locked": {
        "lastModified": 1716496525,
        "narHash": "sha256-DB4KmZ5rVXcEiet843ivQuT9iB1JHuzIUl45ZBjPJXg=",
        "owner": "holochain",
        "repo": "scaffolding",
        "rev": "d99193b228a4ff972987ded190886d8dddc374bf",
        "type": "github"
      },
      "original": {
        "owner": "holochain",
        "ref": "holochain-weekly",
        "repo": "scaffolding",
        "type": "github"
      }
    },
    "systems": {
      "locked": {
        "lastModified": 1681028828,
        "narHash": "sha256-Vy1rq5AaRuLzOxct8nz4T6wlgyUR7zLU309k9mBC768=",
        "owner": "nix-systems",
        "repo": "default",
        "rev": "da67096a3b9bf56a91d16901293e51ba5b49a27e",
        "type": "github"
      },
      "original": {
        "owner": "nix-systems",
        "repo": "default",
        "type": "github"
      }
    },
    "versions": {
      "inputs": {
        "holochain": "holochain",
        "lair": "lair",
        "launcher": "launcher_2",
        "scaffolding": "scaffolding"
      },
      "locked": {
        "dir": "versions/weekly",
        "lastModified": 1716705213,
        "narHash": "sha256-kQcuU5IfctvAgyC+jRFH92O47H6FDRvm3zkIsFgKaJg=",
        "owner": "holochain",
        "repo": "holochain",
        "rev": "81fc62dbebfd05de94c37121f2c1b9a3484e447c",
        "type": "github"
      },
      "original": {
        "dir": "versions/weekly",
        "owner": "holochain",
        "repo": "holochain",
        "type": "github"
      }
    }
  },
  "root": "root",
  "version": 7
}
